
Microsoft Visual Studio Solution File, Format Version 12.00
# Visual Studio Version 16
VisualStudioVersion = 16.0.29009.5
MinimumVisualStudioVersion = 10.0.40219.1
Project("{FAE04EC0-301F-11D3-BF4B-00C04F79EFBC}") = "DnDApp.Android", "DnDApp\DnDApp.Android\DnDApp.Android.csproj", "{10A32C4B-7234-42EE-A3DC-A149710CE57B}"
EndProject
Project("{9A19103F-16F7-4668-BE54-9A1E7A4F7556}") = "DnDApp", "DnDApp\DnDApp\DnDApp.csproj", "{343B0780-DEA7-4FB4-B345-4967695B2884}"
EndProject
Project("{2150E333-8FDC-42A3-9474-1A3956D46DE8}") = "Backups", "Backups", "{6BB02209-F3AF-4031-BB0F-05F785D3F70E}"
	ProjectSection(SolutionItems) = preProject
		DnDApp\DnDApp\WalletMenu.xaml.cs = DnDApp\DnDApp\WalletMenu.xaml.cs
	EndProjectSection
EndProject
Global
	GlobalSection(SolutionConfigurationPlatforms) = preSolution
		Debug|Any CPU = Debug|Any CPU
		Release|Any CPU = Release|Any CPU
	EndGlobalSection
	GlobalSection(ProjectConfigurationPlatforms) = postSolution
		{10A32C4B-7234-42EE-A3DC-A149710CE57B}.Debug|Any CPU.ActiveCfg = Debug|Any CPU
		{10A32C4B-7234-42EE-A3DC-A149710CE57B}.Debug|Any CPU.Build.0 = Debug|Any CPU
		{10A32C4B-7234-42EE-A3DC-A149710CE57B}.Debug|Any CPU.Deploy.0 = Debug|Any CPU
		{10A32C4B-7234-42EE-A3DC-A149710CE57B}.Release|Any CPU.ActiveCfg = Release|Any CPU
		{10A32C4B-7234-42EE-A3DC-A149710CE57B}.Release|Any CPU.Build.0 = Release|Any CPU
		{10A32C4B-7234-42EE-A3DC-A149710CE57B}.Release|Any CPU.Deploy.0 = Release|Any CPU
		{343B0780-DEA7-4FB4-B345-4967695B2884}.Debug|Any CPU.ActiveCfg = Debug|Any CPU
		{343B0780-DEA7-4FB4-B345-4967695B2884}.Debug|Any CPU.Build.0 = Debug|Any CPU
		{343B0780-DEA7-4FB4-B345-4967695B2884}.Debug|Any CPU.Deploy.0 = Debug|Any CPU
		{343B0780-DEA7-4FB4-B345-4967695B2884}.Release|Any CPU.ActiveCfg = Release|Any CPU
		{343B0780-DEA7-4FB4-B345-4967695B2884}.Release|Any CPU.Build.0 = Release|Any CPU
		{343B0780-DEA7-4FB4-B345-4967695B2884}.Release|Any CPU.Deploy.0 = Release|Any CPU
	EndGlobalSection
	GlobalSection(SolutionProperties) = preSolution
		HideSolutionNode = FALSE
	EndGlobalSection
	GlobalSection(ExtensibilityGlobals) = postSolution
		SolutionGuid = {56871527-ECAB-4E14-9E1A-6B296D12A622}
	EndGlobalSection
EndGlobal
